
Microsoft Visual Studio Solution File, Format Version 12.00
# Visual Studio Version 17
VisualStudioVersion = 17.6.33723.286
MinimumVisualStudioVersion = 10.0.40219.1
Project("{9A19103F-16F7-4668-BE54-9A1E7A4F7556}") = "ConsoleAppTestDbContext", "ConsoleAppTestDbContext\ConsoleAppTestDbContext.csproj", "{0A7F1CC9-77BE-44B9-B351-A13B085A3E3A}"
EndProject
Project("{9A19103F-16F7-4668-BE54-9A1E7A4F7556}") = "SwitchPortConfigurator.Api.Repository", "SwitchPortConfigurator.Api.Repository\SwitchPortConfigurator.Api.Repository.csproj", "{EA26666F-0144-46F6-94C4-C4F82A819C14}"
EndProject
Project("{9A19103F-16F7-4668-BE54-9A1E7A4F7556}") = "SwitchPortConfigurator.Api.Repository.Db", "SwitchPortConfigurator.Api.Repository.Db\SwitchPortConfigurator.Api.Repository.Db.csproj", "{C2252A0F-AF8F-4478-8731-E9659798ACCF}"
EndProject
Project("{9A19103F-16F7-4668-BE54-9A1E7A4F7556}") = "ConsoleAppTestDbContext1", "ConsoleAppTestDbContext1\ConsoleAppTestDbContext1.csproj", "{5647778A-1EB7-4ED7-ADAC-441A3C746D78}"
EndProject
Project("{FAE04EC0-301F-11D3-BF4B-00C04F79EFBC}") = "ConsoleAppTestDbContext2", "ConsoleAppTestDbContext2\ConsoleAppTestDbContext2.csproj", "{6FA08906-FB87-48D9-873F-0C97AD68F307}"
EndProject
Global
	GlobalSection(SolutionConfigurationPlatforms) = preSolution
		Debug|Any CPU = Debug|Any CPU
		Release|Any CPU = Release|Any CPU
	EndGlobalSection
	GlobalSection(ProjectConfigurationPlatforms) = postSolution
		{0A7F1CC9-77BE-44B9-B351-A13B085A3E3A}.Debug|Any CPU.ActiveCfg = Debug|Any CPU
		{0A7F1CC9-77BE-44B9-B351-A13B085A3E3A}.Debug|Any CPU.Build.0 = Debug|Any CPU
		{0A7F1CC9-77BE-44B9-B351-A13B085A3E3A}.Release|Any CPU.ActiveCfg = Release|Any CPU
		{0A7F1CC9-77BE-44B9-B351-A13B085A3E3A}.Release|Any CPU.Build.0 = Release|Any CPU
		{EA26666F-0144-46F6-94C4-C4F82A819C14}.Debug|Any CPU.ActiveCfg = Debug|Any CPU
		{EA26666F-0144-46F6-94C4-C4F82A819C14}.Debug|Any CPU.Build.0 = Debug|Any CPU
		{EA26666F-0144-46F6-94C4-C4F82A819C14}.Release|Any CPU.ActiveCfg = Release|Any CPU
		{EA26666F-0144-46F6-94C4-C4F82A819C14}.Release|Any CPU.Build.0 = Release|Any CPU
		{C2252A0F-AF8F-4478-8731-E9659798ACCF}.Debug|Any CPU.ActiveCfg = Debug|Any CPU
		{C2252A0F-AF8F-4478-8731-E9659798ACCF}.Debug|Any CPU.Build.0 = Debug|Any CPU
		{C2252A0F-AF8F-4478-8731-E9659798ACCF}.Release|Any CPU.ActiveCfg = Release|Any CPU
		{C2252A0F-AF8F-4478-8731-E9659798ACCF}.Release|Any CPU.Build.0 = Release|Any CPU
		{5647778A-1EB7-4ED7-ADAC-441A3C746D78}.Debug|Any CPU.ActiveCfg = Debug|Any CPU
		{5647778A-1EB7-4ED7-ADAC-441A3C746D78}.Debug|Any CPU.Build.0 = Debug|Any CPU
		{5647778A-1EB7-4ED7-ADAC-441A3C746D78}.Release|Any CPU.ActiveCfg = Release|Any CPU
		{5647778A-1EB7-4ED7-ADAC-441A3C746D78}.Release|Any CPU.Build.0 = Release|Any CPU
		{6FA08906-FB87-48D9-873F-0C97AD68F307}.Debug|Any CPU.ActiveCfg = Debug|Any CPU
		{6FA08906-FB87-48D9-873F-0C97AD68F307}.Debug|Any CPU.Build.0 = Debug|Any CPU
		{6FA08906-FB87-48D9-873F-0C97AD68F307}.Release|Any CPU.ActiveCfg = Release|Any CPU
		{6FA08906-FB87-48D9-873F-0C97AD68F307}.Release|Any CPU.Build.0 = Release|Any CPU
	EndGlobalSection
	GlobalSection(SolutionProperties) = preSolution
		HideSolutionNode = FALSE
	EndGlobalSection
	GlobalSection(ExtensibilityGlobals) = postSolution
		SolutionGuid = {09534A73-8887-45FB-9135-C08C117731E3}
	EndGlobalSection
EndGlobal
